<?xml version="1.0" encoding="utf-8"?>
<Project ToolsVersion="4.0" xmlns="http://schemas.microsoft.com/developer/msbuild/2003">
  <ItemGroup>
    <Filter Include="Source Files">
      <UniqueIdentifier>{749e0582-1772-4198-8f0d-d9db907a29c4}</UniqueIdentifier>
      <Extensions>cpp;c;cxx;rc;def;r;odl;idl;hpj;bat</Extensions>
    </Filter>
    <Filter Include="Header Files">
      <UniqueIdentifier>{85386c34-8a34-435b-b90b-ec21d361b87f}</UniqueIdentifier>
      <Extensions>h;hpp;hxx;hm;inl</Extensions>
    </Filter>
    <Filter Include="Resource Files">
      <UniqueIdentifier>{6e81ea2e-7258-4439-99c9-91575dc98342}</UniqueIdentifier>
      <Extensions>ico;cur;bmp;dlg;rc2;rct;bin;rgs;gif;jpg;jpeg;jpe</Extensions>
    </Filter>
    <Filter Include="Documentation Files">
      <UniqueIdentifier>{85a84c5b-fcc3-4be9-a823-ed6c574a0326}</UniqueIdentifier>
    </Filter>
    <Filter Include="filters">
      <UniqueIdentifier>{626cab21-78f9-4a69-8aaf-26c64265a04c}</UniqueIdentifier>
    </Filter>
  </ItemGroup>
  <ItemGroup>
    <ClCompile Include="cfg.cpp">
      <Filter>Source Files</Filter>
    </ClCompile>
    <ClCompile Include="draw.cpp">
      <Filter>Source Files</Filter>
    </ClCompile>
    <ClCompile Include="fps.cpp">
      <Filter>Source Files</Filter>
    </ClCompile>
    <ClCompile Include="fpsewp.cpp">
      <Filter>Source Files</Filter>
    </ClCompile>
    <ClCompile Include="gpu.cpp">
      <Filter>Source Files</Filter>
    </ClCompile>
    <ClCompile Include="gpuPeopsSoft.cpp">
      <Filter>Source Files</Filter>
    </ClCompile>
    <ClCompile Include="key.cpp">
      <Filter>Source Files</Filter>
    </ClCompile>
    <ClCompile Include="menu.cpp">
      <Filter>Source Files</Filter>
    </ClCompile>
    <ClCompile Include="prim.cpp">
      <Filter>Source Files</Filter>
    </ClCompile>
    <ClCompile Include="record.cpp">
      <Filter>Source Files</Filter>
    </ClCompile>
    <ClCompile Include="soft.cpp">
      <Filter>Source Files</Filter>
    </ClCompile>
    <ClCompile Include="zn.cpp">
      <Filter>Source Files</Filter>
    </ClCompile>
    <ClCompile Include="lodepng.cpp">
      <Filter>Source Files</Filter>
    </ClCompile>
    <ClCompile Include="Lanczos.cpp">
      <Filter>Source Files</Filter>
    </ClCompile>
    <ClCompile Include="test_case.cpp">
      <Filter>Source Files</Filter>
    </ClCompile>
    <ClCompile Include="filter\hq2x.cpp">
      <Filter>filters</Filter>
    </ClCompile>
    <ClCompile Include="filter\interp.cpp">
      <Filter>filters</Filter>
    </ClCompile>
    <ClCompile Include="filter\ScalingEffect.cpp">
      <Filter>filters</Filter>
    </ClCompile>
  </ItemGroup>
  <ItemGroup>
    <ClInclude Include="cfg.h">
      <Filter>Header Files</Filter>
    </ClInclude>
    <ClInclude Include="draw.h">
      <Filter>Header Files</Filter>
    </ClInclude>
    <ClInclude Include="externals.h">
      <Filter>Header Files</Filter>
    </ClInclude>
    <ClInclude Include="fps.h">
      <Filter>Header Files</Filter>
    </ClInclude>
    <ClInclude Include="fpsewp.h">
      <Filter>Header Files</Filter>
    </ClInclude>
    <ClInclude Include="gpu.h">
      <Filter>Header Files</Filter>
    </ClInclude>
    <ClInclude Include="key.h">
      <Filter>Header Files</Filter>
    </ClInclude>
    <ClInclude Include="menu.h">
      <Filter>Header Files</Filter>
    </ClInclude>
    <ClInclude Include="prim.h">
      <Filter>Header Files</Filter>
    </ClInclude>
    <ClInclude Include="psemu.h">
      <Filter>Header Files</Filter>
    </ClInclude>
    <ClInclude Include="record.h">
      <Filter>Header Files</Filter>
    </ClInclude>
    <ClInclude Include="resource.h">
      <Filter>Header Files</Filter>
    </ClInclude>
    <ClInclude Include="soft.h">
      <Filter>Header Files</Filter>
    </ClInclude>
    <ClInclude Include="stdafx.h">
      <Filter>Header Files</Filter>
    </ClInclude>
    <ClInclude Include="lodepng.h">
      <Filter>Header Files</Filter>
    </ClInclude>
    <ClInclude Include="Lanczos.h">
      <Filter>Header Files</Filter>
    </ClInclude>
    <ClInclude Include="filter\interp.h">
      <Filter>filters</Filter>
    </ClInclude>
    <ClInclude Include="filter\hq2x.h">
      <Filter>filters</Filter>
    </ClInclude>
    <ClInclude Include="filter\tdef.h">
      <Filter>filters</Filter>
    </ClInclude>
    <ClInclude Include="filter\ScalingEffect.h">
      <Filter>filters</Filter>
    </ClInclude>
  </ItemGroup>
  <ItemGroup>
    <Image Include="res\gpu.bmp">
      <Filter>Resource Files</Filter>
    </Image>
    <Image Include="res\Directx.png" />
  </ItemGroup>
  <ItemGroup>
    <ResourceCompile Include="gpuPeopsSoft.rc">
      <Filter>Resource Files</Filter>
    </ResourceCompile>
  </ItemGroup>
  <ItemGroup>
    <Text Include="changelog.txt">
      <Filter>Documentation Files</Filter>
    </Text>
    <Text Include="filemap.txt">
      <Filter>Documentation Files</Filter>
    </Text>
    <Text Include="license.txt">
      <Filter>Documentation Files</Filter>
    </Text>
  </ItemGroup>
  <ItemGroup>
    <CustomBuild Include="gpuPeopsSoft.def">
      <Filter>Source Files</Filter>
    </CustomBuild>
    <CustomBuild Include="res\gpuPeopsSoft.rc2">
      <Filter>Resource Files</Filter>
    </CustomBuild>
  </ItemGroup>
  <ItemGroup>
    <None Include="filter\hq2x.dat">
      <Filter>filters</Filter>
    </None>
  </ItemGroup>
</Project>