
Microsoft Visual Studio Solution File, Format Version 12.00
# Visual Studio 15
VisualStudioVersion = 15.0.28307.572
MinimumVisualStudioVersion = 10.0.40219.1
Project("{8BC9CEB8-8B4A-11D0-8D11-00A0C91BC942}") = "gpuPeopsSoftDX", "gpuPeopsSoft.vcxproj", "{54E47533-2DEC-42EE-9524-C2DED7E93B49}"
EndProject
Global
	GlobalSection(SolutionConfigurationPlatforms) = preSolution
		Debug|x86 = Debug|x86
		Release AVX|x86 = Release AVX|x86
		Release SSE|x86 = Release SSE|x86
		Release SSE2|x86 = Release SSE2|x86
		Release|x86 = Release|x86
	EndGlobalSection
	GlobalSection(ProjectConfigurationPlatforms) = postSolution
		{54E47533-2DEC-42EE-9524-C2DED7E93B49}.Debug|x86.ActiveCfg = Debug|Win32
		{54E47533-2DEC-42EE-9524-C2DED7E93B49}.Debug|x86.Build.0 = Debug|Win32
		{54E47533-2DEC-42EE-9524-C2DED7E93B49}.Release AVX|x86.ActiveCfg = Release AVX|Win32
		{54E47533-2DEC-42EE-9524-C2DED7E93B49}.Release AVX|x86.Build.0 = Release AVX|Win32
		{54E47533-2DEC-42EE-9524-C2DED7E93B49}.Release SSE|x86.ActiveCfg = Release SSE|Win32
		{54E47533-2DEC-42EE-9524-C2DED7E93B49}.Release SSE|x86.Build.0 = Release SSE|Win32
		{54E47533-2DEC-42EE-9524-C2DED7E93B49}.Release SSE2|x86.ActiveCfg = Release SSE2|Win32
		{54E47533-2DEC-42EE-9524-C2DED7E93B49}.Release SSE2|x86.Build.0 = Release SSE2|Win32
		{54E47533-2DEC-42EE-9524-C2DED7E93B49}.Release|x86.ActiveCfg = Release|Win32
		{54E47533-2DEC-42EE-9524-C2DED7E93B49}.Release|x86.Build.0 = Release|Win32
	EndGlobalSection
	GlobalSection(SolutionProperties) = preSolution
		HideSolutionNode = FALSE
	EndGlobalSection
	GlobalSection(ExtensibilityGlobals) = postSolution
		SolutionGuid = {FC91B74B-EC01-49F6-9974-FAEA7E5F51B9}
	EndGlobalSection
EndGlobal
